
Microsoft Visual Studio Solution File, Format Version 12.00
# Visual Studio Version 16
VisualStudioVersion = 16.0.29001.49
MinimumVisualStudioVersion = 10.0.40219.1
Project("{FAE04EC0-301F-11D3-BF4B-00C04F79EFBC}") = "GestionDB(Souflog)", "WindowsFormsApp1\GestionDB(Souflog).csproj", "{B1C7757D-E7C5-4FB6-A18B-6F643DEEFF38}"
EndProject
Global
	GlobalSection(SolutionConfigurationPlatforms) = preSolution
		Debug|Any CPU = Debug|Any CPU
		Release|Any CPU = Release|Any CPU
	EndGlobalSection
	GlobalSection(ProjectConfigurationPlatforms) = postSolution
		{B1C7757D-E7C5-4FB6-A18B-6F643DEEFF38}.Debug|Any CPU.ActiveCfg = Debug|Any CPU
		{B1C7757D-E7C5-4FB6-A18B-6F643DEEFF38}.Debug|Any CPU.Build.0 = Debug|Any CPU
		{B1C7757D-E7C5-4FB6-A18B-6F643DEEFF38}.Release|Any CPU.ActiveCfg = Release|Any CPU
		{B1C7757D-E7C5-4FB6-A18B-6F643DEEFF38}.Release|Any CPU.Build.0 = Release|Any CPU
	EndGlobalSection
	GlobalSection(SolutionProperties) = preSolution
		HideSolutionNode = FALSE
	EndGlobalSection
	GlobalSection(ExtensibilityGlobals) = postSolution
		SolutionGuid = {F919920A-822D-4297-9AB4-DBF082678A06}
	EndGlobalSection
EndGlobal
